
Microsoft Visual Studio Solution File, Format Version 12.00
# Visual Studio Version 16
VisualStudioVersion = 16.0.31829.152
MinimumVisualStudioVersion = 10.0.40219.1
Project("{2150E333-8FDC-42A3-9474-1A3956D46DE8}") = "API", "API", "{F5435E52-542E-4145-911C-EAE27FAABD77}"
EndProject
Project("{2150E333-8FDC-42A3-9474-1A3956D46DE8}") = "BlazorUI", "BlazorUI", "{3E032985-E653-49DE-957B-F7FAB8987D21}"
EndProject
Project("{9A19103F-16F7-4668-BE54-9A1E7A4F7556}") = "Core", "BlazorUI\Core\Core.csproj", "{50AFAA6A-C216-4635-B3F2-A97C1468340D}"
EndProject
Project("{9A19103F-16F7-4668-BE54-9A1E7A4F7556}") = "Services", "BlazorUI\Services\Services.csproj", "{C60F90B6-ED64-4F66-A16D-99411A06F57E}"
EndProject
Project("{9A19103F-16F7-4668-BE54-9A1E7A4F7556}") = "Task13", "BlazorUI\Task13\Task13.csproj", "{BA2767DA-9913-4375-9202-38504790124C}"
EndProject
Project("{9A19103F-16F7-4668-BE54-9A1E7A4F7556}") = "Core", "API\Core\Core.csproj", "{DB0D46B1-E1ED-44EE-BE7B-CCF3B4DF3840}"
EndProject
Project("{9A19103F-16F7-4668-BE54-9A1E7A4F7556}") = "Data", "API\Data\Data.csproj", "{3D50EC8D-853C-4549-8CF2-EE212A3A8F74}"
EndProject
Project("{9A19103F-16F7-4668-BE54-9A1E7A4F7556}") = "Services", "API\Services\Services.csproj", "{959A9FC2-4645-4597-AE78-72F5FC1899B4}"
EndProject
Project("{9A19103F-16F7-4668-BE54-9A1E7A4F7556}") = "Task12", "API\Task12\Task12.csproj", "{7693E511-FCBD-4B09-BE36-4E5DC027B253}"
EndProject
Global
	GlobalSection(SolutionConfigurationPlatforms) = preSolution
		Debug|Any CPU = Debug|Any CPU
		Release|Any CPU = Release|Any CPU
	EndGlobalSection
	GlobalSection(ProjectConfigurationPlatforms) = postSolution
		{50AFAA6A-C216-4635-B3F2-A97C1468340D}.Debug|Any CPU.ActiveCfg = Debug|Any CPU
		{50AFAA6A-C216-4635-B3F2-A97C1468340D}.Debug|Any CPU.Build.0 = Debug|Any CPU
		{50AFAA6A-C216-4635-B3F2-A97C1468340D}.Release|Any CPU.ActiveCfg = Release|Any CPU
		{50AFAA6A-C216-4635-B3F2-A97C1468340D}.Release|Any CPU.Build.0 = Release|Any CPU
		{C60F90B6-ED64-4F66-A16D-99411A06F57E}.Debug|Any CPU.ActiveCfg = Debug|Any CPU
		{C60F90B6-ED64-4F66-A16D-99411A06F57E}.Debug|Any CPU.Build.0 = Debug|Any CPU
		{C60F90B6-ED64-4F66-A16D-99411A06F57E}.Release|Any CPU.ActiveCfg = Release|Any CPU
		{C60F90B6-ED64-4F66-A16D-99411A06F57E}.Release|Any CPU.Build.0 = Release|Any CPU
		{BA2767DA-9913-4375-9202-38504790124C}.Debug|Any CPU.ActiveCfg = Debug|Any CPU
		{BA2767DA-9913-4375-9202-38504790124C}.Debug|Any CPU.Build.0 = Debug|Any CPU
		{BA2767DA-9913-4375-9202-38504790124C}.Release|Any CPU.ActiveCfg = Release|Any CPU
		{BA2767DA-9913-4375-9202-38504790124C}.Release|Any CPU.Build.0 = Release|Any CPU
		{DB0D46B1-E1ED-44EE-BE7B-CCF3B4DF3840}.Debug|Any CPU.ActiveCfg = Debug|Any CPU
		{DB0D46B1-E1ED-44EE-BE7B-CCF3B4DF3840}.Debug|Any CPU.Build.0 = Debug|Any CPU
		{DB0D46B1-E1ED-44EE-BE7B-CCF3B4DF3840}.Release|Any CPU.ActiveCfg = Release|Any CPU
		{DB0D46B1-E1ED-44EE-BE7B-CCF3B4DF3840}.Release|Any CPU.Build.0 = Release|Any CPU
		{3D50EC8D-853C-4549-8CF2-EE212A3A8F74}.Debug|Any CPU.ActiveCfg = Debug|Any CPU
		{3D50EC8D-853C-4549-8CF2-EE212A3A8F74}.Debug|Any CPU.Build.0 = Debug|Any CPU
		{3D50EC8D-853C-4549-8CF2-EE212A3A8F74}.Release|Any CPU.ActiveCfg = Release|Any CPU
		{3D50EC8D-853C-4549-8CF2-EE212A3A8F74}.Release|Any CPU.Build.0 = Release|Any CPU
		{959A9FC2-4645-4597-AE78-72F5FC1899B4}.Debug|Any CPU.ActiveCfg = Debug|Any CPU
		{959A9FC2-4645-4597-AE78-72F5FC1899B4}.Debug|Any CPU.Build.0 = Debug|Any CPU
		{959A9FC2-4645-4597-AE78-72F5FC1899B4}.Release|Any CPU.ActiveCfg = Release|Any CPU
		{959A9FC2-4645-4597-AE78-72F5FC1899B4}.Release|Any CPU.Build.0 = Release|Any CPU
		{7693E511-FCBD-4B09-BE36-4E5DC027B253}.Debug|Any CPU.ActiveCfg = Debug|Any CPU
		{7693E511-FCBD-4B09-BE36-4E5DC027B253}.Debug|Any CPU.Build.0 = Debug|Any CPU
		{7693E511-FCBD-4B09-BE36-4E5DC027B253}.Release|Any CPU.ActiveCfg = Release|Any CPU
		{7693E511-FCBD-4B09-BE36-4E5DC027B253}.Release|Any CPU.Build.0 = Release|Any CPU
	EndGlobalSection
	GlobalSection(SolutionProperties) = preSolution
		HideSolutionNode = FALSE
	EndGlobalSection
	GlobalSection(NestedProjects) = preSolution
		{50AFAA6A-C216-4635-B3F2-A97C1468340D} = {3E032985-E653-49DE-957B-F7FAB8987D21}
		{C60F90B6-ED64-4F66-A16D-99411A06F57E} = {3E032985-E653-49DE-957B-F7FAB8987D21}
		{BA2767DA-9913-4375-9202-38504790124C} = {3E032985-E653-49DE-957B-F7FAB8987D21}
		{DB0D46B1-E1ED-44EE-BE7B-CCF3B4DF3840} = {F5435E52-542E-4145-911C-EAE27FAABD77}
		{3D50EC8D-853C-4549-8CF2-EE212A3A8F74} = {F5435E52-542E-4145-911C-EAE27FAABD77}
		{959A9FC2-4645-4597-AE78-72F5FC1899B4} = {F5435E52-542E-4145-911C-EAE27FAABD77}
		{7693E511-FCBD-4B09-BE36-4E5DC027B253} = {F5435E52-542E-4145-911C-EAE27FAABD77}
	EndGlobalSection
	GlobalSection(ExtensibilityGlobals) = postSolution
		SolutionGuid = {9FFA987E-ECAD-4BEB-A21D-98D459F80A7F}
	EndGlobalSection
EndGlobal
