
Microsoft Visual Studio Solution File, Format Version 12.00
# Visual Studio Version 16
VisualStudioVersion = 16.0.31829.152
MinimumVisualStudioVersion = 10.0.40219.1
Project("{9A19103F-16F7-4668-BE54-9A1E7A4F7556}") = "Task13", "Task13\Task13.csproj", "{B93DC0B0-2998-4D56-9DCF-AE498BDA95FD}"
EndProject
Project("{9A19103F-16F7-4668-BE54-9A1E7A4F7556}") = "Core", "Core\Core.csproj", "{11AB3889-1B31-4CDD-A2B6-7E3BE9FF7C0B}"
EndProject
Project("{9A19103F-16F7-4668-BE54-9A1E7A4F7556}") = "Services", "Services\Services.csproj", "{7CAA45E3-FF5E-40F2-826A-0984B8659750}"
EndProject
Project("{2150E333-8FDC-42A3-9474-1A3956D46DE8}") = "Blazor", "Blazor", "{3814CA8C-0542-4B98-8580-2039C11FF28D}"
EndProject
Project("{2150E333-8FDC-42A3-9474-1A3956D46DE8}") = "Api", "Api", "{49DEC514-9B39-4B76-B49A-ED81C9858F93}"
EndProject
Project("{9A19103F-16F7-4668-BE54-9A1E7A4F7556}") = "Task12", "..\Task12\Task12\Task12.csproj", "{F79F9D4D-EB8F-4E13-A682-051695DBEA54}"
EndProject
Project("{9A19103F-16F7-4668-BE54-9A1E7A4F7556}") = "Data", "..\Task12\Data\Data.csproj", "{384B22F4-62CA-4D74-B539-EEE0ECE7364C}"
EndProject
Project("{9A19103F-16F7-4668-BE54-9A1E7A4F7556}") = "Core", "..\Task12\Models\Core.csproj", "{278F34FF-1619-492A-9A2C-5355CF532657}"
EndProject
Project("{9A19103F-16F7-4668-BE54-9A1E7A4F7556}") = "Services", "..\Task12\Services\Services.csproj", "{20D0DB65-43BC-4DF7-8F1B-967E95EC8C97}"
EndProject
Global
	GlobalSection(SolutionConfigurationPlatforms) = preSolution
		Debug|Any CPU = Debug|Any CPU
		Release|Any CPU = Release|Any CPU
	EndGlobalSection
	GlobalSection(ProjectConfigurationPlatforms) = postSolution
		{B93DC0B0-2998-4D56-9DCF-AE498BDA95FD}.Debug|Any CPU.ActiveCfg = Debug|Any CPU
		{B93DC0B0-2998-4D56-9DCF-AE498BDA95FD}.Debug|Any CPU.Build.0 = Debug|Any CPU
		{B93DC0B0-2998-4D56-9DCF-AE498BDA95FD}.Release|Any CPU.ActiveCfg = Release|Any CPU
		{B93DC0B0-2998-4D56-9DCF-AE498BDA95FD}.Release|Any CPU.Build.0 = Release|Any CPU
		{11AB3889-1B31-4CDD-A2B6-7E3BE9FF7C0B}.Debug|Any CPU.ActiveCfg = Debug|Any CPU
		{11AB3889-1B31-4CDD-A2B6-7E3BE9FF7C0B}.Debug|Any CPU.Build.0 = Debug|Any CPU
		{11AB3889-1B31-4CDD-A2B6-7E3BE9FF7C0B}.Release|Any CPU.ActiveCfg = Release|Any CPU
		{11AB3889-1B31-4CDD-A2B6-7E3BE9FF7C0B}.Release|Any CPU.Build.0 = Release|Any CPU
		{7CAA45E3-FF5E-40F2-826A-0984B8659750}.Debug|Any CPU.ActiveCfg = Debug|Any CPU
		{7CAA45E3-FF5E-40F2-826A-0984B8659750}.Debug|Any CPU.Build.0 = Debug|Any CPU
		{7CAA45E3-FF5E-40F2-826A-0984B8659750}.Release|Any CPU.ActiveCfg = Release|Any CPU
		{7CAA45E3-FF5E-40F2-826A-0984B8659750}.Release|Any CPU.Build.0 = Release|Any CPU
		{F79F9D4D-EB8F-4E13-A682-051695DBEA54}.Debug|Any CPU.ActiveCfg = Debug|Any CPU
		{F79F9D4D-EB8F-4E13-A682-051695DBEA54}.Debug|Any CPU.Build.0 = Debug|Any CPU
		{F79F9D4D-EB8F-4E13-A682-051695DBEA54}.Release|Any CPU.ActiveCfg = Release|Any CPU
		{F79F9D4D-EB8F-4E13-A682-051695DBEA54}.Release|Any CPU.Build.0 = Release|Any CPU
		{384B22F4-62CA-4D74-B539-EEE0ECE7364C}.Debug|Any CPU.ActiveCfg = Debug|Any CPU
		{384B22F4-62CA-4D74-B539-EEE0ECE7364C}.Debug|Any CPU.Build.0 = Debug|Any CPU
		{384B22F4-62CA-4D74-B539-EEE0ECE7364C}.Release|Any CPU.ActiveCfg = Release|Any CPU
		{384B22F4-62CA-4D74-B539-EEE0ECE7364C}.Release|Any CPU.Build.0 = Release|Any CPU
		{278F34FF-1619-492A-9A2C-5355CF532657}.Debug|Any CPU.ActiveCfg = Debug|Any CPU
		{278F34FF-1619-492A-9A2C-5355CF532657}.Debug|Any CPU.Build.0 = Debug|Any CPU
		{278F34FF-1619-492A-9A2C-5355CF532657}.Release|Any CPU.ActiveCfg = Release|Any CPU
		{278F34FF-1619-492A-9A2C-5355CF532657}.Release|Any CPU.Build.0 = Release|Any CPU
		{20D0DB65-43BC-4DF7-8F1B-967E95EC8C97}.Debug|Any CPU.ActiveCfg = Debug|Any CPU
		{20D0DB65-43BC-4DF7-8F1B-967E95EC8C97}.Debug|Any CPU.Build.0 = Debug|Any CPU
		{20D0DB65-43BC-4DF7-8F1B-967E95EC8C97}.Release|Any CPU.ActiveCfg = Release|Any CPU
		{20D0DB65-43BC-4DF7-8F1B-967E95EC8C97}.Release|Any CPU.Build.0 = Release|Any CPU
	EndGlobalSection
	GlobalSection(SolutionProperties) = preSolution
		HideSolutionNode = FALSE
	EndGlobalSection
	GlobalSection(NestedProjects) = preSolution
		{B93DC0B0-2998-4D56-9DCF-AE498BDA95FD} = {3814CA8C-0542-4B98-8580-2039C11FF28D}
		{11AB3889-1B31-4CDD-A2B6-7E3BE9FF7C0B} = {3814CA8C-0542-4B98-8580-2039C11FF28D}
		{7CAA45E3-FF5E-40F2-826A-0984B8659750} = {3814CA8C-0542-4B98-8580-2039C11FF28D}
		{F79F9D4D-EB8F-4E13-A682-051695DBEA54} = {49DEC514-9B39-4B76-B49A-ED81C9858F93}
		{384B22F4-62CA-4D74-B539-EEE0ECE7364C} = {49DEC514-9B39-4B76-B49A-ED81C9858F93}
		{278F34FF-1619-492A-9A2C-5355CF532657} = {49DEC514-9B39-4B76-B49A-ED81C9858F93}
		{20D0DB65-43BC-4DF7-8F1B-967E95EC8C97} = {49DEC514-9B39-4B76-B49A-ED81C9858F93}
	EndGlobalSection
	GlobalSection(ExtensibilityGlobals) = postSolution
		SolutionGuid = {9FFA987E-ECAD-4BEB-A21D-98D459F80A7F}
	EndGlobalSection
EndGlobal
